
Microsoft Visual Studio Solution File, Format Version 12.00
# Visual Studio 15
VisualStudioVersion = 15.0.27428.2011
MinimumVisualStudioVersion = 10.0.40219.1
Project("{FAE04EC0-301F-11D3-BF4B-00C04F79EFBC}") = "AdministracijaKorisnika", "AdministracijaKorisnika\AdministracijaKorisnika.csproj", "{7503288C-B9D8-4480-9D41-0F9C3A73BAD8}"
EndProject
Global
	GlobalSection(SolutionConfigurationPlatforms) = preSolution
		Debug|Any CPU = Debug|Any CPU
		Release|Any CPU = Release|Any CPU
	EndGlobalSection
	GlobalSection(ProjectConfigurationPlatforms) = postSolution
		{7503288C-B9D8-4480-9D41-0F9C3A73BAD8}.Debug|Any CPU.ActiveCfg = Debug|Any CPU
		{7503288C-B9D8-4480-9D41-0F9C3A73BAD8}.Debug|Any CPU.Build.0 = Debug|Any CPU
		{7503288C-B9D8-4480-9D41-0F9C3A73BAD8}.Release|Any CPU.ActiveCfg = Release|Any CPU
		{7503288C-B9D8-4480-9D41-0F9C3A73BAD8}.Release|Any CPU.Build.0 = Release|Any CPU
	EndGlobalSection
	GlobalSection(SolutionProperties) = preSolution
		HideSolutionNode = FALSE
	EndGlobalSection
	GlobalSection(ExtensibilityGlobals) = postSolution
		SolutionGuid = {B62A6A00-B835-4170-824B-3739C701DFCA}
	EndGlobalSection
EndGlobal
